Microsoft Visual Studio Solution File, Format Version 12.00
# Visual Studio 2012
Project("{FAE04EC0-301F-11D3-BF4B-00C04F79EFBC}") = "Flowcharter", "Flowcharter.csproj", "{526B7025-F60D-4624-BABC-89F99B668AFF}"
EndProject
Global
	GlobalSection(SolutionConfigurationPlatforms) = preSolution
	Debug|Any CPU = Debug|Any CPU
	ExportDebug|Any CPU = ExportDebug|Any CPU
	ExportRelease|Any CPU = ExportRelease|Any CPU
	EndGlobalSection
	GlobalSection(ProjectConfigurationPlatforms) = postSolution
		{526B7025-F60D-4624-BABC-89F99B668AFF}.Debug|Any CPU.ActiveCfg = Debug|Any CPU
		{526B7025-F60D-4624-BABC-89F99B668AFF}.Debug|Any CPU.Build.0 = Debug|Any CPU
		{526B7025-F60D-4624-BABC-89F99B668AFF}.ExportDebug|Any CPU.ActiveCfg = ExportDebug|Any CPU
		{526B7025-F60D-4624-BABC-89F99B668AFF}.ExportDebug|Any CPU.Build.0 = ExportDebug|Any CPU
		{526B7025-F60D-4624-BABC-89F99B668AFF}.ExportRelease|Any CPU.ActiveCfg = ExportRelease|Any CPU
		{526B7025-F60D-4624-BABC-89F99B668AFF}.ExportRelease|Any CPU.Build.0 = ExportRelease|Any CPU
	EndGlobalSection
EndGlobal
